// !$*UTF8*$!
{
	archiveVersion = 1;
	classes = {
	};
	objectVersion = 50;
	objects = {

/* Begin PBXBuildFile section */
		85677CE6246AF22800519E7D /* ResultViewController.swift in Sources */ = {isa = PBXBuildFile; fileRef = 85677CE5246AF22800519E7D /* ResultViewController.swift */; };
		85886AFE2479147400EF7BEE /* BMI.swift in Sources */ = {isa = PBXBuildFile; fileRef = 85886AFD2479147400EF7BEE /* BMI.swift */; };
		85886B002479157800EF7BEE /* CalculatorBrain.swift in Sources */ = {isa = PBXBuildFile; fileRef = 85886AFF2479157800EF7BEE /* CalculatorBrain.swift */; };
		858CD4CC2469AE2000022C50 /* AppDelegate.swift in Sources */ = {isa = PBXBuildFile; fileRef = 858CD4CB2469AE2000022C50 /* AppDelegate.swift */; };
		858CD4CE2469AE2000022C50 /* SceneDelegate.swift in Sources */ = {isa = PBXBuildFile; fileRef = 858CD4CD2469AE2000022C50 /* SceneDelegate.swift */; };
		858CD4D02469AE2000022C50 /* CalculateViewController.swift in Sources */ = {isa = PBXBuildFile; fileRef = 858CD4CF2469AE2000022C50 /* CalculateViewController.swift */; };
		858CD4D32469AE2000022C50 /* Main.storyboard in Resources */ = {isa = PBXBuildFile; fileRef = 858CD4D12469AE2000022C50 /* Main.storyboard */; };
		858CD4D62469AE2000022C50 /* BmiCalculator.xcdatamodeld in Sources */ = {isa = PBXBuildFile; fileRef = 858CD4D42469AE2000022C50 /* BmiCalculator.xcdatamodeld */; };
		858CD4D82469AE2100022C50 /* Assets.xcassets in Resources */ = {isa = PBXBuildFile; fileRef = 858CD4D72469AE2100022C50 /* Assets.xcassets */; };
		858CD4DB2469AE2200022C50 /* LaunchScreen.storyboard in Resources */ = {isa = PBXBuildFile; fileRef = 858CD4D92469AE2200022C50 /* LaunchScreen.storyboard */; };
/* End PBXBuildFile section */

/* Begin PBXFileReference section */
		85677CE5246AF22800519E7D /* ResultViewController.swift */ = {isa = PBXFileReference; lastKnownFileType = sourcecode.swift; path = ResultViewController.swift; sourceTree = "<group>"; };
		85886AFD2479147400EF7BEE /* BMI.swift */ = {isa = PBXFileReference; lastKnownFileType = sourcecode.swift; path = BMI.swift; sourceTree = "<group>"; };
		85886AFF2479157800EF7BEE /* CalculatorBrain.swift */ = {isa = PBXFileReference; lastKnownFileType = sourcecode.swift; path = CalculatorBrain.swift; sourceTree = "<group>"; };
		858CD4C82469AE2000022C50 /* BmiCalculator.app */ = {isa = PBXFileReference; explicitFileType = wrapper.application; includeInIndex = 0; path = BmiCalculator.app; sourceTree = BUILT_PRODUCTS_DIR; };
		858CD4CB2469AE2000022C50 /* AppDelegate.swift */ = {isa = PBXFileReference; lastKnownFileType = sourcecode.swift; path = AppDelegate.swift; sourceTree = "<group>"; };
		858CD4CD2469AE2000022C50 /* SceneDelegate.swift */ = {isa = PBXFileReference; lastKnownFileType = sourcecode.swift; path = SceneDelegate.swift; sourceTree = "<group>"; };
		858CD4CF2469AE2000022C50 /* CalculateViewController.swift */ = {isa = PBXFileReference; lastKnownFileType = sourcecode.swift; path = CalculateViewController.swift; sourceTree = "<group>"; };
		858CD4D22469AE2000022C50 /* Base */ = {isa = PBXFileReference; lastKnownFileType = file.storyboard; name = Base; path = Base.lproj/Main.storyboard; sourceTree = "<group>"; };
		858CD4D52469AE2000022C50 /* BmiCalculator.xcdatamodel */ = {isa = PBXFileReference; lastKnownFileType = wrapper.xcdatamodel; path = BmiCalculator.xcdatamodel; sourceTree = "<group>"; };
		858CD4D72469AE2100022C50 /* Assets.xcassets */ = {isa = PBXFileReference; lastKnownFileType = folder.assetcatalog; path = Assets.xcassets; sourceTree = "<group>"; };
		858CD4DA2469AE2200022C50 /* Base */ = {isa = PBXFileReference; lastKnownFileType = file.storyboard; name = Base; path = Base.lproj/LaunchScreen.storyboard; sourceTree = "<group>"; };
		858CD4DC2469AE2200022C50 /* Info.plist */ = {isa = PBXFileReference; lastKnownFileType = text.plist.xml; path = Info.plist; sourceTree = "<group>"; };
/* End PBXFileReference section */

/* Begin PBXFrameworksBuildPhase section */
		858CD4C52469AE2000022C50 /* Frameworks */ = {
			isa = PBXFrameworksBuildPhase;
			buildActionMask = 2147483647;
			files = (
			);
			runOnlyForDeploymentPostprocessing = 0;
		};
/* End PBXFrameworksBuildPhase section */

/* Begin PBXGroup section */
		858CD4BF2469AE2000022C50 = {
			isa = PBXGroup;
			children = (
				858CD4CA2469AE2000022C50 /* BmiCalculator */,
				858CD4C92469AE2000022C50 /* Products */,
			);
			sourceTree = "<group>";
		};
		858CD4C92469AE2000022C50 /* Products */ = {
			isa = PBXGroup;
			children = (
				858CD4C82469AE2000022C50 /* BmiCalculator.app */,
			);
			name = Products;
			sourceTree = "<group>";
		};
		858CD4CA2469AE2000022C50 /* BmiCalculator */ = {
			isa = PBXGroup;
			children = (
				858CD4CB2469AE2000022C50 /* AppDelegate.swift */,
				858CD4CD2469AE2000022C50 /* SceneDelegate.swift */,
				858CD4E22469AE4B00022C50 /* Models */,
				858CD4E42469AE8400022C50 /* Controllers */,
				858CD4E32469AE6A00022C50 /* View */,
				858CD4D72469AE2100022C50 /* Assets.xcassets */,
				858CD4D92469AE2200022C50 /* LaunchScreen.storyboard */,
				858CD4DC2469AE2200022C50 /* Info.plist */,
				858CD4D42469AE2000022C50 /* BmiCalculator.xcdatamodeld */,
			);
			path = BmiCalculator;
			sourceTree = "<group>";
		};
		858CD4E22469AE4B00022C50 /* Models */ = {
			isa = PBXGroup;
			children = (
				85886AFF2479157800EF7BEE /* CalculatorBrain.swift */,
				85886AFD2479147400EF7BEE /* BMI.swift */,
			);
			path = Models;
			sourceTree = "<group>";
		};
		858CD4E32469AE6A00022C50 /* View */ = {
			isa = PBXGroup;
			children = (
				858CD4D12469AE2000022C50 /* Main.storyboard */,
			);
			path = View;
			sourceTree = "<group>";
		};
		858CD4E42469AE8400022C50 /* Controllers */ = {
			isa = PBXGroup;
			children = (
				858CD4CF2469AE2000022C50 /* CalculateViewController.swift */,
				85677CE5246AF22800519E7D /* ResultViewController.swift */,
			);
			path = Controllers;
			sourceTree = "<group>";
		};
/* End PBXGroup section */

/* Begin PBXNativeTarget section */
		858CD4C72469AE2000022C50 /* BmiCalculator */ = {
			isa = PBXNativeTarget;
			buildConfigurationList = 858CD4DF2469AE2200022C50 /* Build configuration list for PBXNativeTarget "BmiCalculator" */;
			buildPhases = (
				858CD4C42469AE2000022C50 /* Sources */,
				858CD4C52469AE2000022C50 /* Frameworks */,
				858CD4C62469AE2000022C50 /* Resources */,
			);
			buildRules = (
			);
			dependencies = (
			);
			name = BmiCalculator;
			productName = BmiCalculator;
			productReference = 858CD4C82469AE2000022C50 /* BmiCalculator.app */;
			productType = "com.apple.product-type.application";
		};
/* End PBXNativeTarget section */

/* Begin PBXProject section */
		858CD4C02469AE2000022C50 /* Project object */ = {
			isa = PBXProject;
			attributes = {
				LastSwiftUpdateCheck = 1140;
				LastUpgradeCheck = 1140;
				ORGANIZATIONNAME = "Yos bz";
				TargetAttributes = {
					858CD4C72469AE2000022C50 = {
						CreatedOnToolsVersion = 11.4.1;
					};
				};
			};
			buildConfigurationList = 858CD4C32469AE2000022C50 /* Build configuration list for PBXProject "BmiCalculator" */;
			compatibilityVersion = "Xcode 9.3";
			developmentRegion = en;
			hasScannedForEncodings = 0;
			knownRegions = (
				en,
				Base,
			);
			mainGroup = 858CD4BF2469AE2000022C50;
			productRefGroup = 858CD4C92469AE2000022C50 /* Products */;
			projectDirPath = "";
			projectRoot = "";
			targets = (
				858CD4C72469AE2000022C50 /* BmiCalculator */,
			);
		};
/* End PBXProject section */

/* Begin PBXResourcesBuildPhase section */
		858CD4C62469AE2000022C50 /* Resources */ = {
			isa = PBXResourcesBuildPhase;
			buildActionMask = 2147483647;
			files = (
				858CD4DB2469AE2200022C50 /* LaunchScreen.storyboard in Resources */,
				858CD4D82469AE2100022C50 /* Assets.xcassets in Resources */,
				858CD4D32469AE2000022C50 /* Main.storyboard in Resources */,
			);
			runOnlyForDeploymentPostprocessing = 0;
		};
/* End PBXResourcesBuildPhase section */

/* Begin PBXSourcesBuildPhase section */
		858CD4C42469AE2000022C50 /* Sources */ = {
			isa = PBXSourcesBuildPhase;
			buildActionMask = 2147483647;
			files = (
				85886B002479157800EF7BEE /* CalculatorBrain.swift in Sources */,
				85677CE6246AF22800519E7D /* ResultViewController.swift in Sources */,
				858CD4D62469AE2000022C50 /* BmiCalculator.xcdatamodeld in Sources */,
				858CD4D02469AE2000022C50 /* CalculateViewController.swift in Sources */,
				858CD4CC2469AE2000022C50 /* AppDelegate.swift in Sources */,
				85886AFE2479147400EF7BEE /* BMI.swift in Sources */,
				858CD4CE2469AE2000022C50 /* SceneDelegate.swift in Sources */,
			);
			runOnlyForDeploymentPostprocessing = 0;
		};
/* End PBXSourcesBuildPhase section */

/* Begin PBXVariantGroup section */
		858CD4D12469AE2000022C50 /* Main.storyboard */ = {
			isa = PBXVariantGroup;
			children = (
				858CD4D22469AE2000022C50 /* Base */,
			);
			name = Main.storyboard;
			sourceTree = "<group>";
		};
		858CD4D92469AE2200022C50 /* LaunchScreen.storyboard */ = {
			isa = PBXVariantGroup;
			children = (
				858CD4DA2469AE2200022C50 /* Base */,
			);
			name = LaunchScreen.storyboard;
			sourceTree = "<group>";
		};
/* End PBXVariantGroup section */

/* Begin XCBuildConfiguration section */
		858CD4DD2469AE2200022C50 /* Debug */ = {
			isa = XCBuildConfiguration;
			buildSettings = {
				ALWAYS_SEARCH_USER_PATHS = NO;
				CLANG_ANALYZER_NONNULL = YES;
				CLANG_ANALYZER_NUMBER_OBJECT_CONVERSION = YES_AGGRESSIVE;
				CLANG_CXX_LANGUAGE_STANDARD = "gnu++14";
				CLANG_CXX_LIBRARY = "libc++";
				CLANG_ENABLE_MODULES = YES;
				CLANG_ENABLE_OBJC_ARC = YES;
				CLANG_ENABLE_OBJC_WEAK = YES;
				CLANG_WARN_BLOCK_CAPTURE_AUTORELEASING = YES;
				CLANG_WARN_BOOL_CONVERSION = YES;
				CLANG_WARN_COMMA = YES;
				CLANG_WARN_CONSTANT_CONVERSION = YES;
				CLANG_WARN_DEPRECATED_OBJC_IMPLEMENTATIONS = YES;
				CLANG_WARN_DIRECT_OBJC_ISA_USAGE = YES_ERROR;
				CLANG_WARN_DOCUMENTATION_COMMENTS = YES;
				CLANG_WARN_EMPTY_BODY = YES;
				CLANG_WARN_ENUM_CONVERSION = YES;
				CLANG_WARN_INFINITE_RECURSION = YES;
				CLANG_WARN_INT_CONVERSION = YES;
				CLANG_WARN_NON_LITERAL_NULL_CONVERSION = YES;
				CLANG_WARN_OBJC_IMPLICIT_RETAIN_SELF = YES;
				CLANG_WARN_OBJC_LITERAL_CONVERSION = YES;
				CLANG_WARN_OBJC_ROOT_CLASS = YES_ERROR;
				CLANG_WARN_RANGE_LOOP_ANALYSIS = YES;
				CLANG_WARN_STRICT_PROTOTYPES = YES;
				CLANG_WARN_SUSPICIOUS_MOVE = YES;
				CLANG_WARN_UNGUARDED_AVAILABILITY = YES_AGGRESSIVE;
				CLANG_WARN_UNREACHABLE_CODE = YES;
				CLANG_WARN__DUPLICATE_METHOD_MATCH = YES;
				COPY_PHASE_STRIP = NO;
				DEBUG_INFORMATION_FORMAT = dwarf;
				ENABLE_STRICT_OBJC_MSGSEND = YES;
				ENABLE_TESTABILITY = YES;
				GCC_C_LANGUAGE_STANDARD = gnu11;
				GCC_DYNAMIC_NO_PIC = NO;
				GCC_NO_COMMON_BLOCKS = YES;
				GCC_OPTIMIZATION_LEVEL = 0;
				GCC_PREPROCESSOR_DEFINITIONS = (
					"DEBUG=1",
					"$(inherited)",
				);
				GCC_WARN_64_TO_32_BIT_CONVERSION = YES;
				GCC_WARN_ABOUT_RETURN_TYPE = YES_ERROR;
				GCC_WARN_UNDECLARED_SELECTOR = YES;
				GCC_WARN_UNINITIALIZED_AUTOS = YES_AGGRESSIVE;
				GCC_WARN_UNUSED_FUNCTION = YES;
				GCC_WARN_UNUSED_VARIABLE = YES;
				IPHONEOS_DEPLOYMENT_TARGET = 13.4;
				MTL_ENABLE_DEBUG_INFO = INCLUDE_SOURCE;
				MTL_FAST_MATH = YES;
				ONLY_ACTIVE_ARCH = YES;
				SDKROOT = iphoneos;
				SWIFT_ACTIVE_COMPILATION_CONDITIONS = DEBUG;
				SWIFT_OPTIMIZATION_LEVEL = "-Onone";
			};
			name = Debug;
		};
		858CD4DE2469AE2200022C50 /* Release */ = {
			isa = XCBuildConfiguration;
			buildSettings = {
				ALWAYS_SEARCH_USER_PATHS = NO;
				CLANG_ANALYZER_NONNULL = YES;
				CLANG_ANALYZER_NUMBER_OBJECT_CONVERSION = YES_AGGRESSIVE;
				CLANG_CXX_LANGUAGE_STANDARD = "gnu++14";
				CLANG_CXX_LIBRARY = "libc++";
				CLANG_ENABLE_MODULES = YES;
				CLANG_ENABLE_OBJC_ARC = YES;
				CLANG_ENABLE_OBJC_WEAK = YES;
				CLANG_WARN_BLOCK_CAPTURE_AUTORELEASING = YES;
				CLANG_WARN_BOOL_CONVERSION = YES;
				CLANG_WARN_COMMA = YES;
				CLANG_WARN_CONSTANT_CONVERSION = YES;
				CLANG_WARN_DEPRECATED_OBJC_IMPLEMENTATIONS = YES;
				CLANG_WARN_DIRECT_OBJC_ISA_USAGE = YES_ERROR;
				CLANG_WARN_DOCUMENTATION_COMMENTS = YES;
				CLANG_WARN_EMPTY_BODY = YES;
				CLANG_WARN_ENUM_CONVERSION = YES;
				CLANG_WARN_INFINITE_RECURSION = YES;
				CLANG_WARN_INT_CONVERSION = YES;
				CLANG_WARN_NON_LITERAL_NULL_CONVERSION = YES;
				CLANG_WARN_OBJC_IMPLICIT_RETAIN_SELF = YES;
				CLANG_WARN_OBJC_LITERAL_CONVERSION = YES;
				CLANG_WARN_OBJC_ROOT_CLASS = YES_ERROR;
				CLANG_WARN_RANGE_LOOP_ANALYSIS = YES;
				CLANG_WARN_STRICT_PROTOTYPES = YES;
				CLANG_WARN_SUSPICIOUS_MOVE = YES;
				CLANG_WARN_UNGUARDED_AVAILABILITY = YES_AGGRESSIVE;
				CLANG_WARN_UNREACHABLE_CODE = YES;
				CLANG_WARN__DUPLICATE_METHOD_MATCH = YES;
				COPY_PHASE_STRIP = NO;
				DEBUG_INFORMATION_FORMAT = "dwarf-with-dsym";
				ENABLE_NS_ASSERTIONS = NO;
				ENABLE_STRICT_OBJC_MSGSEND = YES;
				GCC_C_LANGUAGE_STANDARD = gnu11;
				GCC_NO_COMMON_BLOCKS = YES;
				GCC_WARN_64_TO_32_BIT_CONVERSION = YES;
				GCC_WARN_ABOUT_RETURN_TYPE = YES_ERROR;
				GCC_WARN_UNDECLARED_SELECTOR = YES;
				GCC_WARN_UNINITIALIZED_AUTOS = YES_AGGRESSIVE;
				GCC_WARN_UNUSED_FUNCTION = YES;
				GCC_WARN_UNUSED_VARIABLE = YES;
				IPHONEOS_DEPLOYMENT_TARGET = 13.4;
				MTL_ENABLE_DEBUG_INFO = NO;
				MTL_FAST_MATH = YES;
				SDKROOT = iphoneos;
				SWIFT_COMPILATION_MODE = wholemodule;
				SWIFT_OPTIMIZATION_LEVEL = "-O";
				VALIDATE_PRODUCT = YES;
			};
			name = Release;
		};
		858CD4E02469AE2200022C50 /* Debug */ = {
			isa = XCBuildConfiguration;
			buildSettings = {
				ASSETCATALOG_COMPILER_APPICON_NAME = AppIcon;
				CODE_SIGN_STYLE = Automatic;
				DEVELOPMENT_TEAM = UTARWJSL8M;
				INFOPLIST_FILE = BmiCalculator/Info.plist;
				LD_RUNPATH_SEARCH_PATHS = (
					"$(inherited)",
					"@executable_path/Frameworks",
				);
				PRODUCT_BUNDLE_IDENTIFIER = com.yos102.BmiCalculator;
				PRODUCT_NAME = "$(TARGET_NAME)";
				SWIFT_VERSION = 5.0;
				TARGETED_DEVICE_FAMILY = "1,2";
			};
			name = Debug;
		};
		858CD4E12469AE2200022C50 /* Release */ = {
			isa = XCBuildConfiguration;
			buildSettings = {
				ASSETCATALOG_COMPILER_APPICON_NAME = AppIcon;
				CODE_SIGN_STYLE = Automatic;
				DEVELOPMENT_TEAM = UTARWJSL8M;
				INFOPLIST_FILE = BmiCalculator/Info.plist;
				LD_RUNPATH_SEARCH_PATHS = (
					"$(inherited)",
					"@executable_path/Frameworks",
				);
				PRODUCT_BUNDLE_IDENTIFIER = com.yos102.BmiCalculator;
				PRODUCT_NAME = "$(TARGET_NAME)";
				SWIFT_VERSION = 5.0;
				TARGETED_DEVICE_FAMILY = "1,2";
			};
			name = Release;
		};
/* End XCBuildConfiguration section */

/* Begin XCConfigurationList section */
		858CD4C32469AE2000022C50 /* Build configuration list for PBXProject "BmiCalculator" */ = {
			isa = XCConfigurationList;
			buildConfigurations = (
				858CD4DD2469AE2200022C50 /* Debug */,
				858CD4DE2469AE2200022C50 /* Release */,
			);
			defaultConfigurationIsVisible = 0;
			defaultConfigurationName = Release;
		};
		858CD4DF2469AE2200022C50 /* Build configuration list for PBXNativeTarget "BmiCalculator" */ = {
			isa = XCConfigurationList;
			buildConfigurations = (
				858CD4E02469AE2200022C50 /* Debug */,
				858CD4E12469AE2200022C50 /* Release */,
			);
			defaultConfigurationIsVisible = 0;
			defaultConfigurationName = Release;
		};
/* End XCConfigurationList section */

/* Begin XCVersionGroup section */
		858CD4D42469AE2000022C50 /* BmiCalculator.xcdatamodeld */ = {
			isa = XCVersionGroup;
			children = (
				858CD4D52469AE2000022C50 /* BmiCalculator.xcdatamodel */,
			);
			currentVersion = 858CD4D52469AE2000022C50 /* BmiCalculator.xcdatamodel */;
			path = BmiCalculator.xcdatamodeld;
			sourceTree = "<group>";
			versionGroupType = wrapper.xcdatamodel;
		};
/* End XCVersionGroup section */
	};
	rootObject = 858CD4C02469AE2000022C50 /* Project object */;
}
